{
    "name": "meshlets",
    "version": "1.0.0",
    "lockfileVersion": 2,
    "requires": true,
    "packages": {
        "": {
            "name": "meshlets",
            "version": "1.0.0",
            "dependencies": {
                "@wonderlandengine/api": ">=1.6.0 <1.7.0",
                "@wonderlandengine/components": "file:../../../../wonderland/oss/components",
                "gl-matrix": "^3.4.3"
            }
        },
        "../../../../wonderland/oss/components": {
            "name": "@wonderlandengine/components",
            "version": "1.2.5",
            "license": "MIT",
            "dependencies": {
                "@types/earcut": "^2.1.1",
                "@types/webxr": "^0.5.21",
                "@wonderlandengine/spatial-audio": "^1.2.3",
                "earcut": "^2.2.4",
                "gl-matrix": "^3.3.0"
            },
            "devDependencies": {
                "@esm-bundle/chai": "^4.3.4-fix.0",
                "@web/test-runner": "^0.19.0",
                "prettier": "^2.8.4",
                "typedoc": "^0.23.21",
                "typescript": "^5.0.3"
            },
            "peerDependencies": {
                "@wonderlandengine/api": "^1.1.0"
            }
        },
        "node_modules/@types/webxr": {
            "version": "0.5.24",
            "resolved": "https://registry.npmjs.org/@types/webxr/-/webxr-0.5.24.tgz",
            "integrity": "sha512-h8fgEd/DpoS9CBrjEQXR+dIDraopAEfu4wYVNY2tEPwk60stPWhvZMf4Foo5FakuQ7HFZoa8WceaWFervK2Ovg=="
        },
        "node_modules/@wonderlandengine/api": {
            "version": "1.6.0",
            "resolved": "https://registry.npmjs.org/@wonderlandengine/api/-/api-1.6.0.tgz",
            "integrity": "sha512-vLWEETF/buZYJT3rD4qGM4S0y+lMpZ4OAUrh14TVAz4lK+tlfV4tg07tWKHIgKD4cc77zL++VH7cKFmR7Zo+xQ==",
            "dependencies": {
                "@types/webxr": "^0.5.0"
            }
        },
        "node_modules/@wonderlandengine/components": {
            "resolved": "../../../../wonderland/oss/components",
            "link": true
        },
        "node_modules/gl-matrix": {
            "version": "3.4.4",
            "resolved": "https://registry.npmjs.org/gl-matrix/-/gl-matrix-3.4.4.tgz",
            "integrity": "sha512-latSnyDNt/8zYUB6VIJ6PCh2jBjJX6gnDsoCZ7LyW7GkqrD51EWwa9qCoGixj8YqBtETQK/xY7OmpTF8xz1DdQ=="
        }
    },
    "dependencies": {
        "@types/webxr": {
            "version": "0.5.24",
            "resolved": "https://registry.npmjs.org/@types/webxr/-/webxr-0.5.24.tgz",
            "integrity": "sha512-h8fgEd/DpoS9CBrjEQXR+dIDraopAEfu4wYVNY2tEPwk60stPWhvZMf4Foo5FakuQ7HFZoa8WceaWFervK2Ovg=="
        },
        "@wonderlandengine/api": {
            "version": "1.6.0",
            "resolved": "https://registry.npmjs.org/@wonderlandengine/api/-/api-1.6.0.tgz",
            "integrity": "sha512-vLWEETF/buZYJT3rD4qGM4S0y+lMpZ4OAUrh14TVAz4lK+tlfV4tg07tWKHIgKD4cc77zL++VH7cKFmR7Zo+xQ==",
            "requires": {
                "@types/webxr": "^0.5.0"
            }
        },
        "@wonderlandengine/components": {
            "version": "file:../../../../wonderland/oss/components",
            "requires": {
                "@esm-bundle/chai": "^4.3.4-fix.0",
                "@types/earcut": "^2.1.1",
                "@types/webxr": "^0.5.21",
                "@web/test-runner": "^0.19.0",
                "@wonderlandengine/spatial-audio": "^1.2.3",
                "earcut": "^2.2.4",
                "gl-matrix": "^3.3.0",
                "prettier": "^2.8.4",
                "typedoc": "^0.23.21",
                "typescript": "^5.0.3"
            }
        },
        "gl-matrix": {
            "version": "3.4.4",
            "resolved": "https://registry.npmjs.org/gl-matrix/-/gl-matrix-3.4.4.tgz",
            "integrity": "sha512-latSnyDNt/8zYUB6VIJ6PCh2jBjJX6gnDsoCZ7LyW7GkqrD51EWwa9qCoGixj8YqBtETQK/xY7OmpTF8xz1DdQ=="
        }
    }
}
